
Microsoft Visual Studio Solution File, Format Version 12.00
# Visual Studio 14
VisualStudioVersion = 14.0.25420.1
MinimumVisualStudioVersion = 10.0.40219.1
Project("{FAE04EC0-301F-11D3-BF4B-00C04F79EFBC}") = "LTTimer", "LTTimer\LTTimer\LTTimer.csproj", "{42FB29F0-048A-4976-AD57-846B804E39FF}"
EndProject
Project("{FAE04EC0-301F-11D3-BF4B-00C04F79EFBC}") = "LTTimer.Droid", "LTTimer\LTTimer.Droid\LTTimer.Droid.csproj", "{2EC82320-3FCE-4530-A603-FA49682B4041}"
EndProject
Project("{FAE04EC0-301F-11D3-BF4B-00C04F79EFBC}") = "LTTimer.iOS", "LTTimer\LTTimer.iOS\LTTimer.iOS.csproj", "{491C3593-22D4-4D2D-90D6-CB57CB3BCBA8}"
EndProject
Project("{FAE04EC0-301F-11D3-BF4B-00C04F79EFBC}") = "LTTimer.UWP", "LTTimer\LTTimer.UWP\LTTimer.UWP.csproj", "{0010E280-3DED-4014-A6BA-D7544D8F2425}"
EndProject
Project("{FAE04EC0-301F-11D3-BF4B-00C04F79EFBC}") = "LTTimer.Azure", "LTTimer.Azure\LTTimer.Azure.csproj", "{67F9D3A8-F71E-4428-913F-C37AE82CDB24}"
EndProject
Project("{FAE04EC0-301F-11D3-BF4B-00C04F79EFBC}") = "LTTimer.UITest", "LTTimer.UITest\LTTimer.UITest.csproj", "{817808F8-85DD-421C-B501-3EB59A3BE262}"
EndProject
Global
	GlobalSection(SolutionConfigurationPlatforms) = preSolution
		Ad-Hoc|Any CPU = Ad-Hoc|Any CPU
		Ad-Hoc|ARM = Ad-Hoc|ARM
		Ad-Hoc|iPhone = Ad-Hoc|iPhone
		Ad-Hoc|iPhoneSimulator = Ad-Hoc|iPhoneSimulator
		Ad-Hoc|x64 = Ad-Hoc|x64
		Ad-Hoc|x86 = Ad-Hoc|x86
		AppStore|Any CPU = AppStore|Any CPU
		AppStore|ARM = AppStore|ARM
		AppStore|iPhone = AppStore|iPhone
		AppStore|iPhoneSimulator = AppStore|iPhoneSimulator
		AppStore|x64 = AppStore|x64
		AppStore|x86 = AppStore|x86
		Debug|Any CPU = Debug|Any CPU
		Debug|ARM = Debug|ARM
		Debug|iPhone = Debug|iPhone
		Debug|iPhoneSimulator = Debug|iPhoneSimulator
		Debug|x64 = Debug|x64
		Debug|x86 = Debug|x86
		Release|Any CPU = Release|Any CPU
		Release|ARM = Release|ARM
		Release|iPhone = Release|iPhone
		Release|iPhoneSimulator = Release|iPhoneSimulator
		Release|x64 = Release|x64
		Release|x86 = Release|x86
	EndGlobalSection
	GlobalSection(ProjectConfigurationPlatforms) = postSolution
		{42FB29F0-048A-4976-AD57-846B804E39FF}.Ad-Hoc|Any CPU.ActiveCfg = Release|Any CPU
		{42FB29F0-048A-4976-AD57-846B804E39FF}.Ad-Hoc|Any CPU.Build.0 = Release|Any CPU
		{42FB29F0-048A-4976-AD57-846B804E39FF}.Ad-Hoc|ARM.ActiveCfg = Release|Any CPU
		{42FB29F0-048A-4976-AD57-846B804E39FF}.Ad-Hoc|ARM.Build.0 = Release|Any CPU
		{42FB29F0-048A-4976-AD57-846B804E39FF}.Ad-Hoc|iPhone.ActiveCfg = Release|Any CPU
		{42FB29F0-048A-4976-AD57-846B804E39FF}.Ad-Hoc|iPhone.Build.0 = Release|Any CPU
		{42FB29F0-048A-4976-AD57-846B804E39FF}.Ad-Hoc|iPhoneSimulator.ActiveCfg = Release|Any CPU
		{42FB29F0-048A-4976-AD57-846B804E39FF}.Ad-Hoc|iPhoneSimulator.Build.0 = Release|Any CPU
		{42FB29F0-048A-4976-AD57-846B804E39FF}.Ad-Hoc|x64.ActiveCfg = Release|Any CPU
		{42FB29F0-048A-4976-AD57-846B804E39FF}.Ad-Hoc|x64.Build.0 = Release|Any CPU
		{42FB29F0-048A-4976-AD57-846B804E39FF}.Ad-Hoc|x86.ActiveCfg = Release|Any CPU
		{42FB29F0-048A-4976-AD57-846B804E39FF}.Ad-Hoc|x86.Build.0 = Release|Any CPU
		{42FB29F0-048A-4976-AD57-846B804E39FF}.AppStore|Any CPU.ActiveCfg = Release|Any CPU
		{42FB29F0-048A-4976-AD57-846B804E39FF}.AppStore|Any CPU.Build.0 = Release|Any CPU
		{42FB29F0-048A-4976-AD57-846B804E39FF}.AppStore|ARM.ActiveCfg = Release|Any CPU
		{42FB29F0-048A-4976-AD57-846B804E39FF}.AppStore|ARM.Build.0 = Release|Any CPU
		{42FB29F0-048A-4976-AD57-846B804E39FF}.AppStore|iPhone.ActiveCfg = Release|Any CPU
		{42FB29F0-048A-4976-AD57-846B804E39FF}.AppStore|iPhone.Build.0 = Release|Any CPU
		{42FB29F0-048A-4976-AD57-846B804E39FF}.AppStore|iPhoneSimulator.ActiveCfg = Release|Any CPU
		{42FB29F0-048A-4976-AD57-846B804E39FF}.AppStore|iPhoneSimulator.Build.0 = Release|Any CPU
		{42FB29F0-048A-4976-AD57-846B804E39FF}.AppStore|x64.ActiveCfg = Release|Any CPU
		{42FB29F0-048A-4976-AD57-846B804E39FF}.AppStore|x64.Build.0 = Release|Any CPU
		{42FB29F0-048A-4976-AD57-846B804E39FF}.AppStore|x86.ActiveCfg = Release|Any CPU
		{42FB29F0-048A-4976-AD57-846B804E39FF}.AppStore|x86.Build.0 = Release|Any CPU
		{42FB29F0-048A-4976-AD57-846B804E39FF}.Debug|Any CPU.ActiveCfg = Debug|Any CPU
		{42FB29F0-048A-4976-AD57-846B804E39FF}.Debug|Any CPU.Build.0 = Debug|Any CPU
		{42FB29F0-048A-4976-AD57-846B804E39FF}.Debug|ARM.ActiveCfg = Debug|Any CPU
		{42FB29F0-048A-4976-AD57-846B804E39FF}.Debug|ARM.Build.0 = Debug|Any CPU
		{42FB29F0-048A-4976-AD57-846B804E39FF}.Debug|iPhone.ActiveCfg = Debug|Any CPU
		{42FB29F0-048A-4976-AD57-846B804E39FF}.Debug|iPhone.Build.0 = Debug|Any CPU
		{42FB29F0-048A-4976-AD57-846B804E39FF}.Debug|iPhoneSimulator.ActiveCfg = Debug|Any CPU
		{42FB29F0-048A-4976-AD57-846B804E39FF}.Debug|iPhoneSimulator.Build.0 = Debug|Any CPU
		{42FB29F0-048A-4976-AD57-846B804E39FF}.Debug|x64.ActiveCfg = Debug|Any CPU
		{42FB29F0-048A-4976-AD57-846B804E39FF}.Debug|x64.Build.0 = Debug|Any CPU
		{42FB29F0-048A-4976-AD57-846B804E39FF}.Debug|x86.ActiveCfg = Debug|Any CPU
		{42FB29F0-048A-4976-AD57-846B804E39FF}.Debug|x86.Build.0 = Debug|Any CPU
		{42FB29F0-048A-4976-AD57-846B804E39FF}.Release|Any CPU.ActiveCfg = Release|Any CPU
		{42FB29F0-048A-4976-AD57-846B804E39FF}.Release|Any CPU.Build.0 = Release|Any CPU
		{42FB29F0-048A-4976-AD57-846B804E39FF}.Release|ARM.ActiveCfg = Release|Any CPU
		{42FB29F0-048A-4976-AD57-846B804E39FF}.Release|ARM.Build.0 = Release|Any CPU
		{42FB29F0-048A-4976-AD57-846B804E39FF}.Release|iPhone.ActiveCfg = Release|Any CPU
		{42FB29F0-048A-4976-AD57-846B804E39FF}.Release|iPhone.Build.0 = Release|Any CPU
		{42FB29F0-048A-4976-AD57-846B804E39FF}.Release|iPhoneSimulator.ActiveCfg = Release|Any CPU
		{42FB29F0-048A-4976-AD57-846B804E39FF}.Release|iPhoneSimulator.Build.0 = Release|Any CPU
		{42FB29F0-048A-4976-AD57-846B804E39FF}.Release|x64.ActiveCfg = Release|Any CPU
		{42FB29F0-048A-4976-AD57-846B804E39FF}.Release|x64.Build.0 = Release|Any CPU
		{42FB29F0-048A-4976-AD57-846B804E39FF}.Release|x86.ActiveCfg = Release|Any CPU
		{42FB29F0-048A-4976-AD57-846B804E39FF}.Release|x86.Build.0 = Release|Any CPU
		{2EC82320-3FCE-4530-A603-FA49682B4041}.Ad-Hoc|Any CPU.ActiveCfg = Release|Any CPU
		{2EC82320-3FCE-4530-A603-FA49682B4041}.Ad-Hoc|Any CPU.Build.0 = Release|Any CPU
		{2EC82320-3FCE-4530-A603-FA49682B4041}.Ad-Hoc|Any CPU.Deploy.0 = Release|Any CPU
		{2EC82320-3FCE-4530-A603-FA49682B4041}.Ad-Hoc|ARM.ActiveCfg = Release|Any CPU
		{2EC82320-3FCE-4530-A603-FA49682B4041}.Ad-Hoc|ARM.Build.0 = Release|Any CPU
		{2EC82320-3FCE-4530-A603-FA49682B4041}.Ad-Hoc|ARM.Deploy.0 = Release|Any CPU
		{2EC82320-3FCE-4530-A603-FA49682B4041}.Ad-Hoc|iPhone.ActiveCfg = Release|Any CPU
		{2EC82320-3FCE-4530-A603-FA49682B4041}.Ad-Hoc|iPhone.Build.0 = Release|Any CPU
		{2EC82320-3FCE-4530-A603-FA49682B4041}.Ad-Hoc|iPhone.Deploy.0 = Release|Any CPU
		{2EC82320-3FCE-4530-A603-FA49682B4041}.Ad-Hoc|iPhoneSimulator.ActiveCfg = Release|Any CPU
		{2EC82320-3FCE-4530-A603-FA49682B4041}.Ad-Hoc|iPhoneSimulator.Build.0 = Release|Any CPU
		{2EC82320-3FCE-4530-A603-FA49682B4041}.Ad-Hoc|iPhoneSimulator.Deploy.0 = Release|Any CPU
		{2EC82320-3FCE-4530-A603-FA49682B4041}.Ad-Hoc|x64.ActiveCfg = Release|Any CPU
		{2EC82320-3FCE-4530-A603-FA49682B4041}.Ad-Hoc|x64.Build.0 = Release|Any CPU
		{2EC82320-3FCE-4530-A603-FA49682B4041}.Ad-Hoc|x64.Deploy.0 = Release|Any CPU
		{2EC82320-3FCE-4530-A603-FA49682B4041}.Ad-Hoc|x86.ActiveCfg = Release|Any CPU
		{2EC82320-3FCE-4530-A603-FA49682B4041}.Ad-Hoc|x86.Build.0 = Release|Any CPU
		{2EC82320-3FCE-4530-A603-FA49682B4041}.Ad-Hoc|x86.Deploy.0 = Release|Any CPU
		{2EC82320-3FCE-4530-A603-FA49682B4041}.AppStore|Any CPU.ActiveCfg = Release|Any CPU
		{2EC82320-3FCE-4530-A603-FA49682B4041}.AppStore|Any CPU.Build.0 = Release|Any CPU
		{2EC82320-3FCE-4530-A603-FA49682B4041}.AppStore|Any CPU.Deploy.0 = Release|Any CPU
		{2EC82320-3FCE-4530-A603-FA49682B4041}.AppStore|ARM.ActiveCfg = Release|Any CPU
		{2EC82320-3FCE-4530-A603-FA49682B4041}.AppStore|ARM.Build.0 = Release|Any CPU
		{2EC82320-3FCE-4530-A603-FA49682B4041}.AppStore|ARM.Deploy.0 = Release|Any CPU
		{2EC82320-3FCE-4530-A603-FA49682B4041}.AppStore|iPhone.ActiveCfg = Release|Any CPU
		{2EC82320-3FCE-4530-A603-FA49682B4041}.AppStore|iPhone.Build.0 = Release|Any CPU
		{2EC82320-3FCE-4530-A603-FA49682B4041}.AppStore|iPhone.Deploy.0 = Release|Any CPU
		{2EC82320-3FCE-4530-A603-FA49682B4041}.AppStore|iPhoneSimulator.ActiveCfg = Release|Any CPU
		{2EC82320-3FCE-4530-A603-FA49682B4041}.AppStore|iPhoneSimulator.Build.0 = Release|Any CPU
		{2EC82320-3FCE-4530-A603-FA49682B4041}.AppStore|iPhoneSimulator.Deploy.0 = Release|Any CPU
		{2EC82320-3FCE-4530-A603-FA49682B4041}.AppStore|x64.ActiveCfg = Release|Any CPU
		{2EC82320-3FCE-4530-A603-FA49682B4041}.AppStore|x64.Build.0 = Release|Any CPU
		{2EC82320-3FCE-4530-A603-FA49682B4041}.AppStore|x64.Deploy.0 = Release|Any CPU
		{2EC82320-3FCE-4530-A603-FA49682B4041}.AppStore|x86.ActiveCfg = Release|Any CPU
		{2EC82320-3FCE-4530-A603-FA49682B4041}.AppStore|x86.Build.0 = Release|Any CPU
		{2EC82320-3FCE-4530-A603-FA49682B4041}.AppStore|x86.Deploy.0 = Release|Any CPU
		{2EC82320-3FCE-4530-A603-FA49682B4041}.Debug|Any CPU.ActiveCfg = Debug|Any CPU
		{2EC82320-3FCE-4530-A603-FA49682B4041}.Debug|Any CPU.Build.0 = Debug|Any CPU
		{2EC82320-3FCE-4530-A603-FA49682B4041}.Debug|Any CPU.Deploy.0 = Debug|Any CPU
		{2EC82320-3FCE-4530-A603-FA49682B4041}.Debug|ARM.ActiveCfg = Debug|Any CPU
		{2EC82320-3FCE-4530-A603-FA49682B4041}.Debug|ARM.Build.0 = Debug|Any CPU
		{2EC82320-3FCE-4530-A603-FA49682B4041}.Debug|ARM.Deploy.0 = Debug|Any CPU
		{2EC82320-3FCE-4530-A603-FA49682B4041}.Debug|iPhone.ActiveCfg = Debug|Any CPU
		{2EC82320-3FCE-4530-A603-FA49682B4041}.Debug|iPhone.Build.0 = Debug|Any CPU
		{2EC82320-3FCE-4530-A603-FA49682B4041}.Debug|iPhone.Deploy.0 = Debug|Any CPU
		{2EC82320-3FCE-4530-A603-FA49682B4041}.Debug|iPhoneSimulator.ActiveCfg = Debug|Any CPU
		{2EC82320-3FCE-4530-A603-FA49682B4041}.Debug|iPhoneSimulator.Build.0 = Debug|Any CPU
		{2EC82320-3FCE-4530-A603-FA49682B4041}.Debug|iPhoneSimulator.Deploy.0 = Debug|Any CPU
		{2EC82320-3FCE-4530-A603-FA49682B4041}.Debug|x64.ActiveCfg = Debug|Any CPU
		{2EC82320-3FCE-4530-A603-FA49682B4041}.Debug|x64.Build.0 = Debug|Any CPU
		{2EC82320-3FCE-4530-A603-FA49682B4041}.Debug|x64.Deploy.0 = Debug|Any CPU
		{2EC82320-3FCE-4530-A603-FA49682B4041}.Debug|x86.ActiveCfg = Debug|Any CPU
		{2EC82320-3FCE-4530-A603-FA49682B4041}.Debug|x86.Build.0 = Debug|Any CPU
		{2EC82320-3FCE-4530-A603-FA49682B4041}.Debug|x86.Deploy.0 = Debug|Any CPU
		{2EC82320-3FCE-4530-A603-FA49682B4041}.Release|Any CPU.ActiveCfg = Release|Any CPU
		{2EC82320-3FCE-4530-A603-FA49682B4041}.Release|Any CPU.Build.0 = Release|Any CPU
		{2EC82320-3FCE-4530-A603-FA49682B4041}.Release|Any CPU.Deploy.0 = Release|Any CPU
		{2EC82320-3FCE-4530-A603-FA49682B4041}.Release|ARM.ActiveCfg = Release|Any CPU
		{2EC82320-3FCE-4530-A603-FA49682B4041}.Release|ARM.Build.0 = Release|Any CPU
		{2EC82320-3FCE-4530-A603-FA49682B4041}.Release|ARM.Deploy.0 = Release|Any CPU
		{2EC82320-3FCE-4530-A603-FA49682B4041}.Release|iPhone.ActiveCfg = Release|Any CPU
		{2EC82320-3FCE-4530-A603-FA49682B4041}.Release|iPhone.Build.0 = Release|Any CPU
		{2EC82320-3FCE-4530-A603-FA49682B4041}.Release|iPhone.Deploy.0 = Release|Any CPU
		{2EC82320-3FCE-4530-A603-FA49682B4041}.Release|iPhoneSimulator.ActiveCfg = Release|Any CPU
		{2EC82320-3FCE-4530-A603-FA49682B4041}.Release|iPhoneSimulator.Build.0 = Release|Any CPU
		{2EC82320-3FCE-4530-A603-FA49682B4041}.Release|iPhoneSimulator.Deploy.0 = Release|Any CPU
		{2EC82320-3FCE-4530-A603-FA49682B4041}.Release|x64.ActiveCfg = Release|Any CPU
		{2EC82320-3FCE-4530-A603-FA49682B4041}.Release|x64.Build.0 = Release|Any CPU
		{2EC82320-3FCE-4530-A603-FA49682B4041}.Release|x64.Deploy.0 = Release|Any CPU
		{2EC82320-3FCE-4530-A603-FA49682B4041}.Release|x86.ActiveCfg = Release|Any CPU
		{2EC82320-3FCE-4530-A603-FA49682B4041}.Release|x86.Build.0 = Release|Any CPU
		{2EC82320-3FCE-4530-A603-FA49682B4041}.Release|x86.Deploy.0 = Release|Any CPU
		{491C3593-22D4-4D2D-90D6-CB57CB3BCBA8}.Ad-Hoc|Any CPU.ActiveCfg = Ad-Hoc|iPhone
		{491C3593-22D4-4D2D-90D6-CB57CB3BCBA8}.Ad-Hoc|ARM.ActiveCfg = Ad-Hoc|iPhone
		{491C3593-22D4-4D2D-90D6-CB57CB3BCBA8}.Ad-Hoc|iPhone.ActiveCfg = Ad-Hoc|iPhone
		{491C3593-22D4-4D2D-90D6-CB57CB3BCBA8}.Ad-Hoc|iPhone.Build.0 = Ad-Hoc|iPhone
		{491C3593-22D4-4D2D-90D6-CB57CB3BCBA8}.Ad-Hoc|iPhoneSimulator.ActiveCfg = Ad-Hoc|iPhoneSimulator
		{491C3593-22D4-4D2D-90D6-CB57CB3BCBA8}.Ad-Hoc|iPhoneSimulator.Build.0 = Ad-Hoc|iPhoneSimulator
		{491C3593-22D4-4D2D-90D6-CB57CB3BCBA8}.Ad-Hoc|x64.ActiveCfg = Ad-Hoc|iPhone
		{491C3593-22D4-4D2D-90D6-CB57CB3BCBA8}.Ad-Hoc|x86.ActiveCfg = Ad-Hoc|iPhone
		{491C3593-22D4-4D2D-90D6-CB57CB3BCBA8}.AppStore|Any CPU.ActiveCfg = AppStore|iPhone
		{491C3593-22D4-4D2D-90D6-CB57CB3BCBA8}.AppStore|ARM.ActiveCfg = AppStore|iPhone
		{491C3593-22D4-4D2D-90D6-CB57CB3BCBA8}.AppStore|iPhone.ActiveCfg = AppStore|iPhone
		{491C3593-22D4-4D2D-90D6-CB57CB3BCBA8}.AppStore|iPhone.Build.0 = AppStore|iPhone
		{491C3593-22D4-4D2D-90D6-CB57CB3BCBA8}.AppStore|iPhoneSimulator.ActiveCfg = AppStore|iPhoneSimulator
		{491C3593-22D4-4D2D-90D6-CB57CB3BCBA8}.AppStore|iPhoneSimulator.Build.0 = AppStore|iPhoneSimulator
		{491C3593-22D4-4D2D-90D6-CB57CB3BCBA8}.AppStore|x64.ActiveCfg = AppStore|iPhone
		{491C3593-22D4-4D2D-90D6-CB57CB3BCBA8}.AppStore|x86.ActiveCfg = AppStore|iPhone
		{491C3593-22D4-4D2D-90D6-CB57CB3BCBA8}.Debug|Any CPU.ActiveCfg = Debug|iPhone
		{491C3593-22D4-4D2D-90D6-CB57CB3BCBA8}.Debug|Any CPU.Build.0 = Debug|iPhone
		{491C3593-22D4-4D2D-90D6-CB57CB3BCBA8}.Debug|ARM.ActiveCfg = Debug|iPhone
		{491C3593-22D4-4D2D-90D6-CB57CB3BCBA8}.Debug|iPhone.ActiveCfg = Debug|iPhone
		{491C3593-22D4-4D2D-90D6-CB57CB3BCBA8}.Debug|iPhone.Build.0 = Debug|iPhone
		{491C3593-22D4-4D2D-90D6-CB57CB3BCBA8}.Debug|iPhoneSimulator.ActiveCfg = Debug|iPhoneSimulator
		{491C3593-22D4-4D2D-90D6-CB57CB3BCBA8}.Debug|iPhoneSimulator.Build.0 = Debug|iPhoneSimulator
		{491C3593-22D4-4D2D-90D6-CB57CB3BCBA8}.Debug|x64.ActiveCfg = Debug|iPhone
		{491C3593-22D4-4D2D-90D6-CB57CB3BCBA8}.Debug|x86.ActiveCfg = Debug|iPhone
		{491C3593-22D4-4D2D-90D6-CB57CB3BCBA8}.Release|Any CPU.ActiveCfg = Release|iPhone
		{491C3593-22D4-4D2D-90D6-CB57CB3BCBA8}.Release|ARM.ActiveCfg = Release|iPhone
		{491C3593-22D4-4D2D-90D6-CB57CB3BCBA8}.Release|iPhone.ActiveCfg = Release|iPhone
		{491C3593-22D4-4D2D-90D6-CB57CB3BCBA8}.Release|iPhone.Build.0 = Release|iPhone
		{491C3593-22D4-4D2D-90D6-CB57CB3BCBA8}.Release|iPhoneSimulator.ActiveCfg = Release|iPhoneSimulator
		{491C3593-22D4-4D2D-90D6-CB57CB3BCBA8}.Release|iPhoneSimulator.Build.0 = Release|iPhoneSimulator
		{491C3593-22D4-4D2D-90D6-CB57CB3BCBA8}.Release|x64.ActiveCfg = Release|iPhone
		{491C3593-22D4-4D2D-90D6-CB57CB3BCBA8}.Release|x86.ActiveCfg = Release|iPhone
		{0010E280-3DED-4014-A6BA-D7544D8F2425}.Ad-Hoc|Any CPU.ActiveCfg = Release|x86
		{0010E280-3DED-4014-A6BA-D7544D8F2425}.Ad-Hoc|Any CPU.Build.0 = Release|x86
		{0010E280-3DED-4014-A6BA-D7544D8F2425}.Ad-Hoc|Any CPU.Deploy.0 = Release|x86
		{0010E280-3DED-4014-A6BA-D7544D8F2425}.Ad-Hoc|ARM.ActiveCfg = Release|ARM
		{0010E280-3DED-4014-A6BA-D7544D8F2425}.Ad-Hoc|ARM.Build.0 = Release|ARM
		{0010E280-3DED-4014-A6BA-D7544D8F2425}.Ad-Hoc|ARM.Deploy.0 = Release|ARM
		{0010E280-3DED-4014-A6BA-D7544D8F2425}.Ad-Hoc|iPhone.ActiveCfg = Release|x86
		{0010E280-3DED-4014-A6BA-D7544D8F2425}.Ad-Hoc|iPhone.Build.0 = Release|x86
		{0010E280-3DED-4014-A6BA-D7544D8F2425}.Ad-Hoc|iPhone.Deploy.0 = Release|x86
		{0010E280-3DED-4014-A6BA-D7544D8F2425}.Ad-Hoc|iPhoneSimulator.ActiveCfg = Release|x86
		{0010E280-3DED-4014-A6BA-D7544D8F2425}.Ad-Hoc|iPhoneSimulator.Build.0 = Release|x86
		{0010E280-3DED-4014-A6BA-D7544D8F2425}.Ad-Hoc|iPhoneSimulator.Deploy.0 = Release|x86
		{0010E280-3DED-4014-A6BA-D7544D8F2425}.Ad-Hoc|x64.ActiveCfg = Release|x64
		{0010E280-3DED-4014-A6BA-D7544D8F2425}.Ad-Hoc|x64.Build.0 = Release|x64
		{0010E280-3DED-4014-A6BA-D7544D8F2425}.Ad-Hoc|x64.Deploy.0 = Release|x64
		{0010E280-3DED-4014-A6BA-D7544D8F2425}.Ad-Hoc|x86.ActiveCfg = Release|x86
		{0010E280-3DED-4014-A6BA-D7544D8F2425}.Ad-Hoc|x86.Build.0 = Release|x86
		{0010E280-3DED-4014-A6BA-D7544D8F2425}.Ad-Hoc|x86.Deploy.0 = Release|x86
		{0010E280-3DED-4014-A6BA-D7544D8F2425}.AppStore|Any CPU.ActiveCfg = Release|x86
		{0010E280-3DED-4014-A6BA-D7544D8F2425}.AppStore|Any CPU.Build.0 = Release|x86
		{0010E280-3DED-4014-A6BA-D7544D8F2425}.AppStore|Any CPU.Deploy.0 = Release|x86
		{0010E280-3DED-4014-A6BA-D7544D8F2425}.AppStore|ARM.ActiveCfg = Release|ARM
		{0010E280-3DED-4014-A6BA-D7544D8F2425}.AppStore|ARM.Build.0 = Release|ARM
		{0010E280-3DED-4014-A6BA-D7544D8F2425}.AppStore|ARM.Deploy.0 = Release|ARM
		{0010E280-3DED-4014-A6BA-D7544D8F2425}.AppStore|iPhone.ActiveCfg = Release|x86
		{0010E280-3DED-4014-A6BA-D7544D8F2425}.AppStore|iPhone.Build.0 = Release|x86
		{0010E280-3DED-4014-A6BA-D7544D8F2425}.AppStore|iPhone.Deploy.0 = Release|x86
		{0010E280-3DED-4014-A6BA-D7544D8F2425}.AppStore|iPhoneSimulator.ActiveCfg = Release|x86
		{0010E280-3DED-4014-A6BA-D7544D8F2425}.AppStore|iPhoneSimulator.Build.0 = Release|x86
		{0010E280-3DED-4014-A6BA-D7544D8F2425}.AppStore|iPhoneSimulator.Deploy.0 = Release|x86
		{0010E280-3DED-4014-A6BA-D7544D8F2425}.AppStore|x64.ActiveCfg = Release|x64
		{0010E280-3DED-4014-A6BA-D7544D8F2425}.AppStore|x64.Build.0 = Release|x64
		{0010E280-3DED-4014-A6BA-D7544D8F2425}.AppStore|x64.Deploy.0 = Release|x64
		{0010E280-3DED-4014-A6BA-D7544D8F2425}.AppStore|x86.ActiveCfg = Release|x86
		{0010E280-3DED-4014-A6BA-D7544D8F2425}.AppStore|x86.Build.0 = Release|x86
		{0010E280-3DED-4014-A6BA-D7544D8F2425}.AppStore|x86.Deploy.0 = Release|x86
		{0010E280-3DED-4014-A6BA-D7544D8F2425}.Debug|Any CPU.ActiveCfg = Debug|x86
		{0010E280-3DED-4014-A6BA-D7544D8F2425}.Debug|Any CPU.Build.0 = Debug|x86
		{0010E280-3DED-4014-A6BA-D7544D8F2425}.Debug|Any CPU.Deploy.0 = Debug|x86
		{0010E280-3DED-4014-A6BA-D7544D8F2425}.Debug|ARM.ActiveCfg = Debug|ARM
		{0010E280-3DED-4014-A6BA-D7544D8F2425}.Debug|ARM.Build.0 = Debug|ARM
		{0010E280-3DED-4014-A6BA-D7544D8F2425}.Debug|ARM.Deploy.0 = Debug|ARM
		{0010E280-3DED-4014-A6BA-D7544D8F2425}.Debug|iPhone.ActiveCfg = Debug|x86
		{0010E280-3DED-4014-A6BA-D7544D8F2425}.Debug|iPhoneSimulator.ActiveCfg = Debug|x86
		{0010E280-3DED-4014-A6BA-D7544D8F2425}.Debug|iPhoneSimulator.Build.0 = Debug|x86
		{0010E280-3DED-4014-A6BA-D7544D8F2425}.Debug|iPhoneSimulator.Deploy.0 = Debug|x86
		{0010E280-3DED-4014-A6BA-D7544D8F2425}.Debug|x64.ActiveCfg = Debug|x64
		{0010E280-3DED-4014-A6BA-D7544D8F2425}.Debug|x64.Build.0 = Debug|x64
		{0010E280-3DED-4014-A6BA-D7544D8F2425}.Debug|x64.Deploy.0 = Debug|x64
		{0010E280-3DED-4014-A6BA-D7544D8F2425}.Debug|x86.ActiveCfg = Debug|x86
		{0010E280-3DED-4014-A6BA-D7544D8F2425}.Debug|x86.Build.0 = Debug|x86
		{0010E280-3DED-4014-A6BA-D7544D8F2425}.Debug|x86.Deploy.0 = Debug|x86
		{0010E280-3DED-4014-A6BA-D7544D8F2425}.Release|Any CPU.ActiveCfg = Release|x86
		{0010E280-3DED-4014-A6BA-D7544D8F2425}.Release|ARM.ActiveCfg = Release|ARM
		{0010E280-3DED-4014-A6BA-D7544D8F2425}.Release|ARM.Build.0 = Release|ARM
		{0010E280-3DED-4014-A6BA-D7544D8F2425}.Release|ARM.Deploy.0 = Release|ARM
		{0010E280-3DED-4014-A6BA-D7544D8F2425}.Release|iPhone.ActiveCfg = Release|x86
		{0010E280-3DED-4014-A6BA-D7544D8F2425}.Release|iPhoneSimulator.ActiveCfg = Release|x86
		{0010E280-3DED-4014-A6BA-D7544D8F2425}.Release|x64.ActiveCfg = Release|x64
		{0010E280-3DED-4014-A6BA-D7544D8F2425}.Release|x64.Build.0 = Release|x64
		{0010E280-3DED-4014-A6BA-D7544D8F2425}.Release|x64.Deploy.0 = Release|x64
		{0010E280-3DED-4014-A6BA-D7544D8F2425}.Release|x86.ActiveCfg = Release|x86
		{0010E280-3DED-4014-A6BA-D7544D8F2425}.Release|x86.Build.0 = Release|x86
		{0010E280-3DED-4014-A6BA-D7544D8F2425}.Release|x86.Deploy.0 = Release|x86
		{67F9D3A8-F71E-4428-913F-C37AE82CDB24}.Ad-Hoc|Any CPU.ActiveCfg = Release|Any CPU
		{67F9D3A8-F71E-4428-913F-C37AE82CDB24}.Ad-Hoc|Any CPU.Build.0 = Release|Any CPU
		{67F9D3A8-F71E-4428-913F-C37AE82CDB24}.Ad-Hoc|ARM.ActiveCfg = Release|Any CPU
		{67F9D3A8-F71E-4428-913F-C37AE82CDB24}.Ad-Hoc|ARM.Build.0 = Release|Any CPU
		{67F9D3A8-F71E-4428-913F-C37AE82CDB24}.Ad-Hoc|iPhone.ActiveCfg = Release|Any CPU
		{67F9D3A8-F71E-4428-913F-C37AE82CDB24}.Ad-Hoc|iPhone.Build.0 = Release|Any CPU
		{67F9D3A8-F71E-4428-913F-C37AE82CDB24}.Ad-Hoc|iPhoneSimulator.ActiveCfg = Release|Any CPU
		{67F9D3A8-F71E-4428-913F-C37AE82CDB24}.Ad-Hoc|iPhoneSimulator.Build.0 = Release|Any CPU
		{67F9D3A8-F71E-4428-913F-C37AE82CDB24}.Ad-Hoc|x64.ActiveCfg = Release|Any CPU
		{67F9D3A8-F71E-4428-913F-C37AE82CDB24}.Ad-Hoc|x64.Build.0 = Release|Any CPU
		{67F9D3A8-F71E-4428-913F-C37AE82CDB24}.Ad-Hoc|x86.ActiveCfg = Release|Any CPU
		{67F9D3A8-F71E-4428-913F-C37AE82CDB24}.Ad-Hoc|x86.Build.0 = Release|Any CPU
		{67F9D3A8-F71E-4428-913F-C37AE82CDB24}.AppStore|Any CPU.ActiveCfg = Release|Any CPU
		{67F9D3A8-F71E-4428-913F-C37AE82CDB24}.AppStore|Any CPU.Build.0 = Release|Any CPU
		{67F9D3A8-F71E-4428-913F-C37AE82CDB24}.AppStore|ARM.ActiveCfg = Release|Any CPU
		{67F9D3A8-F71E-4428-913F-C37AE82CDB24}.AppStore|ARM.Build.0 = Release|Any CPU
		{67F9D3A8-F71E-4428-913F-C37AE82CDB24}.AppStore|iPhone.ActiveCfg = Release|Any CPU
		{67F9D3A8-F71E-4428-913F-C37AE82CDB24}.AppStore|iPhone.Build.0 = Release|Any CPU
		{67F9D3A8-F71E-4428-913F-C37AE82CDB24}.AppStore|iPhoneSimulator.ActiveCfg = Release|Any CPU
		{67F9D3A8-F71E-4428-913F-C37AE82CDB24}.AppStore|iPhoneSimulator.Build.0 = Release|Any CPU
		{67F9D3A8-F71E-4428-913F-C37AE82CDB24}.AppStore|x64.ActiveCfg = Release|Any CPU
		{67F9D3A8-F71E-4428-913F-C37AE82CDB24}.AppStore|x64.Build.0 = Release|Any CPU
		{67F9D3A8-F71E-4428-913F-C37AE82CDB24}.AppStore|x86.ActiveCfg = Release|Any CPU
		{67F9D3A8-F71E-4428-913F-C37AE82CDB24}.AppStore|x86.Build.0 = Release|Any CPU
		{67F9D3A8-F71E-4428-913F-C37AE82CDB24}.Debug|Any CPU.ActiveCfg = Debug|Any CPU
		{67F9D3A8-F71E-4428-913F-C37AE82CDB24}.Debug|Any CPU.Build.0 = Debug|Any CPU
		{67F9D3A8-F71E-4428-913F-C37AE82CDB24}.Debug|ARM.ActiveCfg = Debug|Any CPU
		{67F9D3A8-F71E-4428-913F-C37AE82CDB24}.Debug|ARM.Build.0 = Debug|Any CPU
		{67F9D3A8-F71E-4428-913F-C37AE82CDB24}.Debug|iPhone.ActiveCfg = Debug|Any CPU
		{67F9D3A8-F71E-4428-913F-C37AE82CDB24}.Debug|iPhone.Build.0 = Debug|Any CPU
		{67F9D3A8-F71E-4428-913F-C37AE82CDB24}.Debug|iPhoneSimulator.ActiveCfg = Debug|Any CPU
		{67F9D3A8-F71E-4428-913F-C37AE82CDB24}.Debug|iPhoneSimulator.Build.0 = Debug|Any CPU
		{67F9D3A8-F71E-4428-913F-C37AE82CDB24}.Debug|x64.ActiveCfg = Debug|Any CPU
		{67F9D3A8-F71E-4428-913F-C37AE82CDB24}.Debug|x64.Build.0 = Debug|Any CPU
		{67F9D3A8-F71E-4428-913F-C37AE82CDB24}.Debug|x86.ActiveCfg = Debug|Any CPU
		{67F9D3A8-F71E-4428-913F-C37AE82CDB24}.Debug|x86.Build.0 = Debug|Any CPU
		{67F9D3A8-F71E-4428-913F-C37AE82CDB24}.Release|Any CPU.ActiveCfg = Release|Any CPU
		{67F9D3A8-F71E-4428-913F-C37AE82CDB24}.Release|Any CPU.Build.0 = Release|Any CPU
		{67F9D3A8-F71E-4428-913F-C37AE82CDB24}.Release|ARM.ActiveCfg = Release|Any CPU
		{67F9D3A8-F71E-4428-913F-C37AE82CDB24}.Release|ARM.Build.0 = Release|Any CPU
		{67F9D3A8-F71E-4428-913F-C37AE82CDB24}.Release|iPhone.ActiveCfg = Release|Any CPU
		{67F9D3A8-F71E-4428-913F-C37AE82CDB24}.Release|iPhone.Build.0 = Release|Any CPU
		{67F9D3A8-F71E-4428-913F-C37AE82CDB24}.Release|iPhoneSimulator.ActiveCfg = Release|Any CPU
		{67F9D3A8-F71E-4428-913F-C37AE82CDB24}.Release|iPhoneSimulator.Build.0 = Release|Any CPU
		{67F9D3A8-F71E-4428-913F-C37AE82CDB24}.Release|x64.ActiveCfg = Release|Any CPU
		{67F9D3A8-F71E-4428-913F-C37AE82CDB24}.Release|x64.Build.0 = Release|Any CPU
		{67F9D3A8-F71E-4428-913F-C37AE82CDB24}.Release|x86.ActiveCfg = Release|Any CPU
		{67F9D3A8-F71E-4428-913F-C37AE82CDB24}.Release|x86.Build.0 = Release|Any CPU
		{817808F8-85DD-421C-B501-3EB59A3BE262}.Ad-Hoc|Any CPU.ActiveCfg = Release|Any CPU
		{817808F8-85DD-421C-B501-3EB59A3BE262}.Ad-Hoc|Any CPU.Build.0 = Release|Any CPU
		{817808F8-85DD-421C-B501-3EB59A3BE262}.Ad-Hoc|ARM.ActiveCfg = Release|Any CPU
		{817808F8-85DD-421C-B501-3EB59A3BE262}.Ad-Hoc|ARM.Build.0 = Release|Any CPU
		{817808F8-85DD-421C-B501-3EB59A3BE262}.Ad-Hoc|iPhone.ActiveCfg = Release|Any CPU
		{817808F8-85DD-421C-B501-3EB59A3BE262}.Ad-Hoc|iPhone.Build.0 = Release|Any CPU
		{817808F8-85DD-421C-B501-3EB59A3BE262}.Ad-Hoc|iPhoneSimulator.ActiveCfg = Release|Any CPU
		{817808F8-85DD-421C-B501-3EB59A3BE262}.Ad-Hoc|iPhoneSimulator.Build.0 = Release|Any CPU
		{817808F8-85DD-421C-B501-3EB59A3BE262}.Ad-Hoc|x64.ActiveCfg = Release|Any CPU
		{817808F8-85DD-421C-B501-3EB59A3BE262}.Ad-Hoc|x64.Build.0 = Release|Any CPU
		{817808F8-85DD-421C-B501-3EB59A3BE262}.Ad-Hoc|x86.ActiveCfg = Release|Any CPU
		{817808F8-85DD-421C-B501-3EB59A3BE262}.Ad-Hoc|x86.Build.0 = Release|Any CPU
		{817808F8-85DD-421C-B501-3EB59A3BE262}.AppStore|Any CPU.ActiveCfg = Release|Any CPU
		{817808F8-85DD-421C-B501-3EB59A3BE262}.AppStore|Any CPU.Build.0 = Release|Any CPU
		{817808F8-85DD-421C-B501-3EB59A3BE262}.AppStore|ARM.ActiveCfg = Release|Any CPU
		{817808F8-85DD-421C-B501-3EB59A3BE262}.AppStore|ARM.Build.0 = Release|Any CPU
		{817808F8-85DD-421C-B501-3EB59A3BE262}.AppStore|iPhone.ActiveCfg = Release|Any CPU
		{817808F8-85DD-421C-B501-3EB59A3BE262}.AppStore|iPhone.Build.0 = Release|Any CPU
		{817808F8-85DD-421C-B501-3EB59A3BE262}.AppStore|iPhoneSimulator.ActiveCfg = Release|Any CPU
		{817808F8-85DD-421C-B501-3EB59A3BE262}.AppStore|iPhoneSimulator.Build.0 = Release|Any CPU
		{817808F8-85DD-421C-B501-3EB59A3BE262}.AppStore|x64.ActiveCfg = Release|Any CPU
		{817808F8-85DD-421C-B501-3EB59A3BE262}.AppStore|x64.Build.0 = Release|Any CPU
		{817808F8-85DD-421C-B501-3EB59A3BE262}.AppStore|x86.ActiveCfg = Release|Any CPU
		{817808F8-85DD-421C-B501-3EB59A3BE262}.AppStore|x86.Build.0 = Release|Any CPU
		{817808F8-85DD-421C-B501-3EB59A3BE262}.Debug|Any CPU.ActiveCfg = Debug|Any CPU
		{817808F8-85DD-421C-B501-3EB59A3BE262}.Debug|Any CPU.Build.0 = Debug|Any CPU
		{817808F8-85DD-421C-B501-3EB59A3BE262}.Debug|ARM.ActiveCfg = Debug|Any CPU
		{817808F8-85DD-421C-B501-3EB59A3BE262}.Debug|ARM.Build.0 = Debug|Any CPU
		{817808F8-85DD-421C-B501-3EB59A3BE262}.Debug|iPhone.ActiveCfg = Debug|Any CPU
		{817808F8-85DD-421C-B501-3EB59A3BE262}.Debug|iPhone.Build.0 = Debug|Any CPU
		{817808F8-85DD-421C-B501-3EB59A3BE262}.Debug|iPhoneSimulator.ActiveCfg = Debug|Any CPU
		{817808F8-85DD-421C-B501-3EB59A3BE262}.Debug|iPhoneSimulator.Build.0 = Debug|Any CPU
		{817808F8-85DD-421C-B501-3EB59A3BE262}.Debug|x64.ActiveCfg = Debug|Any CPU
		{817808F8-85DD-421C-B501-3EB59A3BE262}.Debug|x64.Build.0 = Debug|Any CPU
		{817808F8-85DD-421C-B501-3EB59A3BE262}.Debug|x86.ActiveCfg = Debug|Any CPU
		{817808F8-85DD-421C-B501-3EB59A3BE262}.Debug|x86.Build.0 = Debug|Any CPU
		{817808F8-85DD-421C-B501-3EB59A3BE262}.Release|Any CPU.ActiveCfg = Release|Any CPU
		{817808F8-85DD-421C-B501-3EB59A3BE262}.Release|Any CPU.Build.0 = Release|Any CPU
		{817808F8-85DD-421C-B501-3EB59A3BE262}.Release|ARM.ActiveCfg = Release|Any CPU
		{817808F8-85DD-421C-B501-3EB59A3BE262}.Release|ARM.Build.0 = Release|Any CPU
		{817808F8-85DD-421C-B501-3EB59A3BE262}.Release|iPhone.ActiveCfg = Release|Any CPU
		{817808F8-85DD-421C-B501-3EB59A3BE262}.Release|iPhone.Build.0 = Release|Any CPU
		{817808F8-85DD-421C-B501-3EB59A3BE262}.Release|iPhoneSimulator.ActiveCfg = Release|Any CPU
		{817808F8-85DD-421C-B501-3EB59A3BE262}.Release|iPhoneSimulator.Build.0 = Release|Any CPU
		{817808F8-85DD-421C-B501-3EB59A3BE262}.Release|x64.ActiveCfg = Release|Any CPU
		{817808F8-85DD-421C-B501-3EB59A3BE262}.Release|x64.Build.0 = Release|Any CPU
		{817808F8-85DD-421C-B501-3EB59A3BE262}.Release|x86.ActiveCfg = Release|Any CPU
		{817808F8-85DD-421C-B501-3EB59A3BE262}.Release|x86.Build.0 = Release|Any CPU
	EndGlobalSection
	GlobalSection(SolutionProperties) = preSolution
		HideSolutionNode = FALSE
	EndGlobalSection
EndGlobal
